
Microsoft Visual Studio Solution File, Format Version 12.00
# Visual Studio Version 16
VisualStudioVersion = 16.0.29806.167
MinimumVisualStudioVersion = 10.0.40219.1
Project("{FAE04EC0-301F-11D3-BF4B-00C04F79EFBC}") = "Prework-401-CodeChallenges", "Prework-401-CodeChallenges\Prework-401-CodeChallenges.csproj", "{59FFB425-5630-4068-96A9-F8D9DA4C68DD}"
EndProject
Global
	GlobalSection(SolutionConfigurationPlatforms) = preSolution
		Debug|Any CPU = Debug|Any CPU
		Release|Any CPU = Release|Any CPU
	EndGlobalSection
	GlobalSection(ProjectConfigurationPlatforms) = postSolution
		{59FFB425-5630-4068-96A9-F8D9DA4C68DD}.Debug|Any CPU.ActiveCfg = Debug|Any CPU
		{59FFB425-5630-4068-96A9-F8D9DA4C68DD}.Debug|Any CPU.Build.0 = Debug|Any CPU
		{59FFB425-5630-4068-96A9-F8D9DA4C68DD}.Release|Any CPU.ActiveCfg = Release|Any CPU
		{59FFB425-5630-4068-96A9-F8D9DA4C68DD}.Release|Any CPU.Build.0 = Release|Any CPU
	EndGlobalSection
	GlobalSection(SolutionProperties) = preSolution
		HideSolutionNode = FALSE
	EndGlobalSection
	GlobalSection(ExtensibilityGlobals) = postSolution
		SolutionGuid = {4167F97A-8C7B-421D-A06B-A58AE3031C7A}
	EndGlobalSection
EndGlobal
